
Microsoft Visual Studio Solution File, Format Version 12.00
# Visual Studio 2012
Project("{F184B08F-C81C-45F6-A57F-5ABD9991F28F}") = "Employee Management", "Employee Management\Employee Management.vbproj", "{25C02053-B8EF-4FE7-92E8-C9CF98399435}"
EndProject
Global
	GlobalSection(SolutionConfigurationPlatforms) = preSolution
		Debug|Any CPU = Debug|Any CPU
		Release|Any CPU = Release|Any CPU
	EndGlobalSection
	GlobalSection(ProjectConfigurationPlatforms) = postSolution
		{25C02053-B8EF-4FE7-92E8-C9CF98399435}.Debug|Any CPU.ActiveCfg = Debug|Any CPU
		{25C02053-B8EF-4FE7-92E8-C9CF98399435}.Debug|Any CPU.Build.0 = Debug|Any CPU
		{25C02053-B8EF-4FE7-92E8-C9CF98399435}.Release|Any CPU.ActiveCfg = Release|Any CPU
		{25C02053-B8EF-4FE7-92E8-C9CF98399435}.Release|Any CPU.Build.0 = Release|Any CPU
	EndGlobalSection
	GlobalSection(SolutionProperties) = preSolution
		HideSolutionNode = FALSE
	EndGlobalSection
EndGlobal
